// !$*UTF8*$!
{
	archiveVersion = 1;
	classes = {
	};
	objectVersion = 56;
	objects = {

/* Begin PBXBuildFile section */
		2516EBBE2A83DDAF00318D1F /* RestaurantDetailViewController.swift in Sources */ = {isa = PBXBuildFile; fileRef = 2516EBBD2A83DDAF00318D1F /* RestaurantDetailViewController.swift */; };
		2516EBC42A83F16600318D1F /* Nunito-Bold.ttf in Resources */ = {isa = PBXBuildFile; fileRef = 2516EBC32A83F16600318D1F /* Nunito-Bold.ttf */; };
		2516EBC62A83F17400318D1F /* Nunito-Regular.ttf in Resources */ = {isa = PBXBuildFile; fileRef = 2516EBC52A83F17400318D1F /* Nunito-Regular.ttf */; };
		2516EBC82A83F98E00318D1F /* RestaurantDetailHeaderView.swift in Sources */ = {isa = PBXBuildFile; fileRef = 2516EBC72A83F98E00318D1F /* RestaurantDetailHeaderView.swift */; };
		2534FDE72A7E4CAB0064239F /* AppDelegate.swift in Sources */ = {isa = PBXBuildFile; fileRef = 2534FDE62A7E4CAB0064239F /* AppDelegate.swift */; };
		2534FDE92A7E4CAB0064239F /* SceneDelegate.swift in Sources */ = {isa = PBXBuildFile; fileRef = 2534FDE82A7E4CAB0064239F /* SceneDelegate.swift */; };
		2534FDEE2A7E4CAB0064239F /* Main.storyboard in Resources */ = {isa = PBXBuildFile; fileRef = 2534FDEC2A7E4CAB0064239F /* Main.storyboard */; };
		2534FDF02A7E4CAC0064239F /* Assets.xcassets in Resources */ = {isa = PBXBuildFile; fileRef = 2534FDEF2A7E4CAC0064239F /* Assets.xcassets */; };
		2534FDF32A7E4CAC0064239F /* LaunchScreen.storyboard in Resources */ = {isa = PBXBuildFile; fileRef = 2534FDF12A7E4CAC0064239F /* LaunchScreen.storyboard */; };
		2534FDFB2A7E4D760064239F /* RestaurantTableViewController.swift in Sources */ = {isa = PBXBuildFile; fileRef = 2534FDFA2A7E4D760064239F /* RestaurantTableViewController.swift */; };
		2534FDFD2A7E53FE0064239F /* RestaurantTableViewCell.swift in Sources */ = {isa = PBXBuildFile; fileRef = 2534FDFC2A7E53FE0064239F /* RestaurantTableViewCell.swift */; };
		255747892A7FFE4000C9B6EB /* RestaurantDiffableDataSource.swift in Sources */ = {isa = PBXBuildFile; fileRef = 255747882A7FFE4000C9B6EB /* RestaurantDiffableDataSource.swift */; };
		2559606B2A851B010015B9E0 /* RestaurantDetailTextCell.swift in Sources */ = {isa = PBXBuildFile; fileRef = 2559606A2A851B010015B9E0 /* RestaurantDetailTextCell.swift */; };
		2559606D2A851EB20015B9E0 /* RestaurantDetailTwoColumnCell.swift in Sources */ = {isa = PBXBuildFile; fileRef = 2559606C2A851EB20015B9E0 /* RestaurantDetailTwoColumnCell.swift */; };
		255960702A8539860015B9E0 /* UIColor+Ext.swift in Sources */ = {isa = PBXBuildFile; fileRef = 2559606F2A8539860015B9E0 /* UIColor+Ext.swift */; };
		255960722A853AAB0015B9E0 /* NavigationController.swift in Sources */ = {isa = PBXBuildFile; fileRef = 255960712A853AAB0015B9E0 /* NavigationController.swift */; };
		25AAFEC12A7FEE2C001E55CF /* Restaurant.swift in Sources */ = {isa = PBXBuildFile; fileRef = 25AAFEC02A7FEE2C001E55CF /* Restaurant.swift */; };
/* End PBXBuildFile section */

/* Begin PBXFileReference section */
		2516EBBD2A83DDAF00318D1F /* RestaurantDetailViewController.swift */ = {isa = PBXFileReference; lastKnownFileType = sourcecode.swift; path = RestaurantDetailViewController.swift; sourceTree = "<group>"; };
		2516EBC32A83F16600318D1F /* Nunito-Bold.ttf */ = {isa = PBXFileReference; lastKnownFileType = file; path = "Nunito-Bold.ttf"; sourceTree = "<group>"; };
		2516EBC52A83F17400318D1F /* Nunito-Regular.ttf */ = {isa = PBXFileReference; lastKnownFileType = file; path = "Nunito-Regular.ttf"; sourceTree = "<group>"; };
		2516EBC72A83F98E00318D1F /* RestaurantDetailHeaderView.swift */ = {isa = PBXFileReference; lastKnownFileType = sourcecode.swift; path = RestaurantDetailHeaderView.swift; sourceTree = "<group>"; };
		2534FDE32A7E4CAB0064239F /* FoodPin.app */ = {isa = PBXFileReference; explicitFileType = wrapper.application; includeInIndex = 0; path = FoodPin.app; sourceTree = BUILT_PRODUCTS_DIR; };
		2534FDE62A7E4CAB0064239F /* AppDelegate.swift */ = {isa = PBXFileReference; lastKnownFileType = sourcecode.swift; path = AppDelegate.swift; sourceTree = "<group>"; };
		2534FDE82A7E4CAB0064239F /* SceneDelegate.swift */ = {isa = PBXFileReference; lastKnownFileType = sourcecode.swift; path = SceneDelegate.swift; sourceTree = "<group>"; };
		2534FDED2A7E4CAB0064239F /* Base */ = {isa = PBXFileReference; lastKnownFileType = file.storyboard; name = Base; path = Base.lproj/Main.storyboard; sourceTree = "<group>"; };
		2534FDEF2A7E4CAC0064239F /* Assets.xcassets */ = {isa = PBXFileReference; lastKnownFileType = folder.assetcatalog; path = Assets.xcassets; sourceTree = "<group>"; };
		2534FDF22A7E4CAC0064239F /* Base */ = {isa = PBXFileReference; lastKnownFileType = file.storyboard; name = Base; path = Base.lproj/LaunchScreen.storyboard; sourceTree = "<group>"; };
		2534FDF42A7E4CAC0064239F /* Info.plist */ = {isa = PBXFileReference; lastKnownFileType = text.plist.xml; path = Info.plist; sourceTree = "<group>"; };
		2534FDFA2A7E4D760064239F /* RestaurantTableViewController.swift */ = {isa = PBXFileReference; lastKnownFileType = sourcecode.swift; path = RestaurantTableViewController.swift; sourceTree = "<group>"; };
		2534FDFC2A7E53FE0064239F /* RestaurantTableViewCell.swift */ = {isa = PBXFileReference; lastKnownFileType = sourcecode.swift; path = RestaurantTableViewCell.swift; sourceTree = "<group>"; };
		255747882A7FFE4000C9B6EB /* RestaurantDiffableDataSource.swift */ = {isa = PBXFileReference; lastKnownFileType = sourcecode.swift; path = RestaurantDiffableDataSource.swift; sourceTree = "<group>"; };
		2559606A2A851B010015B9E0 /* RestaurantDetailTextCell.swift */ = {isa = PBXFileReference; lastKnownFileType = sourcecode.swift; path = RestaurantDetailTextCell.swift; sourceTree = "<group>"; };
		2559606C2A851EB20015B9E0 /* RestaurantDetailTwoColumnCell.swift */ = {isa = PBXFileReference; lastKnownFileType = sourcecode.swift; path = RestaurantDetailTwoColumnCell.swift; sourceTree = "<group>"; };
		2559606F2A8539860015B9E0 /* UIColor+Ext.swift */ = {isa = PBXFileReference; lastKnownFileType = sourcecode.swift; path = "UIColor+Ext.swift"; sourceTree = "<group>"; };
		255960712A853AAB0015B9E0 /* NavigationController.swift */ = {isa = PBXFileReference; lastKnownFileType = sourcecode.swift; path = NavigationController.swift; sourceTree = "<group>"; };
		25AAFEC02A7FEE2C001E55CF /* Restaurant.swift */ = {isa = PBXFileReference; lastKnownFileType = sourcecode.swift; path = Restaurant.swift; sourceTree = "<group>"; };
/* End PBXFileReference section */

/* Begin PBXFrameworksBuildPhase section */
		2534FDE02A7E4CAB0064239F /* Frameworks */ = {
			isa = PBXFrameworksBuildPhase;
			buildActionMask = 2147483647;
			files = (
			);
			runOnlyForDeploymentPostprocessing = 0;
		};
/* End PBXFrameworksBuildPhase section */

/* Begin PBXGroup section */
		2516EBBF2A83EF6500318D1F /* Resources */ = {
			isa = PBXGroup;
			children = (
				2516EBC02A83EF9200318D1F /* Fonts */,
			);
			path = Resources;
			sourceTree = "<group>";
		};
		2516EBC02A83EF9200318D1F /* Fonts */ = {
			isa = PBXGroup;
			children = (
				2516EBC52A83F17400318D1F /* Nunito-Regular.ttf */,
				2516EBC32A83F16600318D1F /* Nunito-Bold.ttf */,
			);
			path = Fonts;
			sourceTree = "<group>";
		};
		2534FDDA2A7E4CAB0064239F = {
			isa = PBXGroup;
			children = (
				2534FDE52A7E4CAB0064239F /* FoodPin */,
				2534FDE42A7E4CAB0064239F /* Products */,
			);
			sourceTree = "<group>";
		};
		2534FDE42A7E4CAB0064239F /* Products */ = {
			isa = PBXGroup;
			children = (
				2534FDE32A7E4CAB0064239F /* FoodPin.app */,
			);
			name = Products;
			sourceTree = "<group>";
		};
		2534FDE52A7E4CAB0064239F /* FoodPin */ = {
			isa = PBXGroup;
			children = (
				2559606E2A85396D0015B9E0 /* Extensions */,
				2516EBBF2A83EF6500318D1F /* Resources */,
				25AAFEC52A7FF48B001E55CF /* Storyboard */,
				25AAFEC42A7FF476001E55CF /* Model */,
				25AAFEC32A7FF459001E55CF /* View */,
				25AAFEC22A7FF439001E55CF /* Controller */,
				2534FDE62A7E4CAB0064239F /* AppDelegate.swift */,
				2534FDE82A7E4CAB0064239F /* SceneDelegate.swift */,
				2534FDEF2A7E4CAC0064239F /* Assets.xcassets */,
				2534FDF42A7E4CAC0064239F /* Info.plist */,
			);
			path = FoodPin;
			sourceTree = "<group>";
		};
		2559606E2A85396D0015B9E0 /* Extensions */ = {
			isa = PBXGroup;
			children = (
				2559606F2A8539860015B9E0 /* UIColor+Ext.swift */,
			);
			path = Extensions;
			sourceTree = "<group>";
		};
		25AAFEC22A7FF439001E55CF /* Controller */ = {
			isa = PBXGroup;
			children = (
				2534FDFA2A7E4D760064239F /* RestaurantTableViewController.swift */,
				2516EBBD2A83DDAF00318D1F /* RestaurantDetailViewController.swift */,
				255960712A853AAB0015B9E0 /* NavigationController.swift */,
			);
			path = Controller;
			sourceTree = "<group>";
		};
		25AAFEC32A7FF459001E55CF /* View */ = {
			isa = PBXGroup;
			children = (
				2534FDFC2A7E53FE0064239F /* RestaurantTableViewCell.swift */,
				2516EBC72A83F98E00318D1F /* RestaurantDetailHeaderView.swift */,
				2559606A2A851B010015B9E0 /* RestaurantDetailTextCell.swift */,
				2559606C2A851EB20015B9E0 /* RestaurantDetailTwoColumnCell.swift */,
			);
			path = View;
			sourceTree = "<group>";
		};
		25AAFEC42A7FF476001E55CF /* Model */ = {
			isa = PBXGroup;
			children = (
				25AAFEC02A7FEE2C001E55CF /* Restaurant.swift */,
				255747882A7FFE4000C9B6EB /* RestaurantDiffableDataSource.swift */,
			);
			path = Model;
			sourceTree = "<group>";
		};
		25AAFEC52A7FF48B001E55CF /* Storyboard */ = {
			isa = PBXGroup;
			children = (
				2534FDEC2A7E4CAB0064239F /* Main.storyboard */,
				2534FDF12A7E4CAC0064239F /* LaunchScreen.storyboard */,
			);
			path = Storyboard;
			sourceTree = "<group>";
		};
/* End PBXGroup section */

/* Begin PBXNativeTarget section */
		2534FDE22A7E4CAB0064239F /* FoodPin */ = {
			isa = PBXNativeTarget;
			buildConfigurationList = 2534FDF72A7E4CAC0064239F /* Build configuration list for PBXNativeTarget "FoodPin" */;
			buildPhases = (
				2534FDDF2A7E4CAB0064239F /* Sources */,
				2534FDE02A7E4CAB0064239F /* Frameworks */,
				2534FDE12A7E4CAB0064239F /* Resources */,
			);
			buildRules = (
			);
			dependencies = (
			);
			name = FoodPin;
			productName = FoodPin;
			productReference = 2534FDE32A7E4CAB0064239F /* FoodPin.app */;
			productType = "com.apple.product-type.application";
		};
/* End PBXNativeTarget section */

/* Begin PBXProject section */
		2534FDDB2A7E4CAB0064239F /* Project object */ = {
			isa = PBXProject;
			attributes = {
				BuildIndependentTargetsInParallel = 1;
				LastSwiftUpdateCheck = 1430;
				LastUpgradeCheck = 1430;
				TargetAttributes = {
					2534FDE22A7E4CAB0064239F = {
						CreatedOnToolsVersion = 14.3;
					};
				};
			};
			buildConfigurationList = 2534FDDE2A7E4CAB0064239F /* Build configuration list for PBXProject "FoodPin" */;
			compatibilityVersion = "Xcode 14.0";
			developmentRegion = en;
			hasScannedForEncodings = 0;
			knownRegions = (
				en,
				Base,
			);
			mainGroup = 2534FDDA2A7E4CAB0064239F;
			productRefGroup = 2534FDE42A7E4CAB0064239F /* Products */;
			projectDirPath = "";
			projectRoot = "";
			targets = (
				2534FDE22A7E4CAB0064239F /* FoodPin */,
			);
		};
/* End PBXProject section */

/* Begin PBXResourcesBuildPhase section */
		2534FDE12A7E4CAB0064239F /* Resources */ = {
			isa = PBXResourcesBuildPhase;
			buildActionMask = 2147483647;
			files = (
				2516EBC62A83F17400318D1F /* Nunito-Regular.ttf in Resources */,
				2534FDF32A7E4CAC0064239F /* LaunchScreen.storyboard in Resources */,
				2534FDF02A7E4CAC0064239F /* Assets.xcassets in Resources */,
				2516EBC42A83F16600318D1F /* Nunito-Bold.ttf in Resources */,
				2534FDEE2A7E4CAB0064239F /* Main.storyboard in Resources */,
			);
			runOnlyForDeploymentPostprocessing = 0;
		};
/* End PBXResourcesBuildPhase section */

/* Begin PBXSourcesBuildPhase section */
		2534FDDF2A7E4CAB0064239F /* Sources */ = {
			isa = PBXSourcesBuildPhase;
			buildActionMask = 2147483647;
			files = (
				2559606B2A851B010015B9E0 /* RestaurantDetailTextCell.swift in Sources */,
				255960722A853AAB0015B9E0 /* NavigationController.swift in Sources */,
				25AAFEC12A7FEE2C001E55CF /* Restaurant.swift in Sources */,
				2534FDFD2A7E53FE0064239F /* RestaurantTableViewCell.swift in Sources */,
				2534FDE72A7E4CAB0064239F /* AppDelegate.swift in Sources */,
				255960702A8539860015B9E0 /* UIColor+Ext.swift in Sources */,
				2559606D2A851EB20015B9E0 /* RestaurantDetailTwoColumnCell.swift in Sources */,
				2534FDE92A7E4CAB0064239F /* SceneDelegate.swift in Sources */,
				255747892A7FFE4000C9B6EB /* RestaurantDiffableDataSource.swift in Sources */,
				2516EBBE2A83DDAF00318D1F /* RestaurantDetailViewController.swift in Sources */,
				2516EBC82A83F98E00318D1F /* RestaurantDetailHeaderView.swift in Sources */,
				2534FDFB2A7E4D760064239F /* RestaurantTableViewController.swift in Sources */,
			);
			runOnlyForDeploymentPostprocessing = 0;
		};
/* End PBXSourcesBuildPhase section */

/* Begin PBXVariantGroup section */
		2534FDEC2A7E4CAB0064239F /* Main.storyboard */ = {
			isa = PBXVariantGroup;
			children = (
				2534FDED2A7E4CAB0064239F /* Base */,
			);
			name = Main.storyboard;
			sourceTree = "<group>";
		};
		2534FDF12A7E4CAC0064239F /* LaunchScreen.storyboard */ = {
			isa = PBXVariantGroup;
			children = (
				2534FDF22A7E4CAC0064239F /* Base */,
			);
			name = LaunchScreen.storyboard;
			sourceTree = "<group>";
		};
/* End PBXVariantGroup section */

/* Begin XCBuildConfiguration section */
		2534FDF52A7E4CAC0064239F /* Debug */ = {
			isa = XCBuildConfiguration;
			buildSettings = {
				ALWAYS_SEARCH_USER_PATHS = NO;
				CLANG_ANALYZER_NONNULL = YES;
				CLANG_ANALYZER_NUMBER_OBJECT_CONVERSION = YES_AGGRESSIVE;
				CLANG_CXX_LANGUAGE_STANDARD = "gnu++20";
				CLANG_ENABLE_MODULES = YES;
				CLANG_ENABLE_OBJC_ARC = YES;
				CLANG_ENABLE_OBJC_WEAK = YES;
				CLANG_WARN_BLOCK_CAPTURE_AUTORELEASING = YES;
				CLANG_WARN_BOOL_CONVERSION = YES;
				CLANG_WARN_COMMA = YES;
				CLANG_WARN_CONSTANT_CONVERSION = YES;
				CLANG_WARN_DEPRECATED_OBJC_IMPLEMENTATIONS = YES;
				CLANG_WARN_DIRECT_OBJC_ISA_USAGE = YES_ERROR;
				CLANG_WARN_DOCUMENTATION_COMMENTS = YES;
				CLANG_WARN_EMPTY_BODY = YES;
				CLANG_WARN_ENUM_CONVERSION = YES;
				CLANG_WARN_INFINITE_RECURSION = YES;
				CLANG_WARN_INT_CONVERSION = YES;
				CLANG_WARN_NON_LITERAL_NULL_CONVERSION = YES;
				CLANG_WARN_OBJC_IMPLICIT_RETAIN_SELF = YES;
				CLANG_WARN_OBJC_LITERAL_CONVERSION = YES;
				CLANG_WARN_OBJC_ROOT_CLASS = YES_ERROR;
				CLANG_WARN_QUOTED_INCLUDE_IN_FRAMEWORK_HEADER = YES;
				CLANG_WARN_RANGE_LOOP_ANALYSIS = YES;
				CLANG_WARN_STRICT_PROTOTYPES = YES;
				CLANG_WARN_SUSPICIOUS_MOVE = YES;
				CLANG_WARN_UNGUARDED_AVAILABILITY = YES_AGGRESSIVE;
				CLANG_WARN_UNREACHABLE_CODE = YES;
				CLANG_WARN__DUPLICATE_METHOD_MATCH = YES;
				COPY_PHASE_STRIP = NO;
				DEBUG_INFORMATION_FORMAT = dwarf;
				ENABLE_STRICT_OBJC_MSGSEND = YES;
				ENABLE_TESTABILITY = YES;
				GCC_C_LANGUAGE_STANDARD = gnu11;
				GCC_DYNAMIC_NO_PIC = NO;
				GCC_NO_COMMON_BLOCKS = YES;
				GCC_OPTIMIZATION_LEVEL = 0;
				GCC_PREPROCESSOR_DEFINITIONS = (
					"DEBUG=1",
					"$(inherited)",
				);
				GCC_WARN_64_TO_32_BIT_CONVERSION = YES;
				GCC_WARN_ABOUT_RETURN_TYPE = YES_ERROR;
				GCC_WARN_UNDECLARED_SELECTOR = YES;
				GCC_WARN_UNINITIALIZED_AUTOS = YES_AGGRESSIVE;
				GCC_WARN_UNUSED_FUNCTION = YES;
				GCC_WARN_UNUSED_VARIABLE = YES;
				IPHONEOS_DEPLOYMENT_TARGET = 16.4;
				MTL_ENABLE_DEBUG_INFO = INCLUDE_SOURCE;
				MTL_FAST_MATH = YES;
				ONLY_ACTIVE_ARCH = YES;
				SDKROOT = iphoneos;
				SWIFT_ACTIVE_COMPILATION_CONDITIONS = DEBUG;
				SWIFT_OPTIMIZATION_LEVEL = "-Onone";
			};
			name = Debug;
		};
		2534FDF62A7E4CAC0064239F /* Release */ = {
			isa = XCBuildConfiguration;
			buildSettings = {
				ALWAYS_SEARCH_USER_PATHS = NO;
				CLANG_ANALYZER_NONNULL = YES;
				CLANG_ANALYZER_NUMBER_OBJECT_CONVERSION = YES_AGGRESSIVE;
				CLANG_CXX_LANGUAGE_STANDARD = "gnu++20";
				CLANG_ENABLE_MODULES = YES;
				CLANG_ENABLE_OBJC_ARC = YES;
				CLANG_ENABLE_OBJC_WEAK = YES;
				CLANG_WARN_BLOCK_CAPTURE_AUTORELEASING = YES;
				CLANG_WARN_BOOL_CONVERSION = YES;
				CLANG_WARN_COMMA = YES;
				CLANG_WARN_CONSTANT_CONVERSION = YES;
				CLANG_WARN_DEPRECATED_OBJC_IMPLEMENTATIONS = YES;
				CLANG_WARN_DIRECT_OBJC_ISA_USAGE = YES_ERROR;
				CLANG_WARN_DOCUMENTATION_COMMENTS = YES;
				CLANG_WARN_EMPTY_BODY = YES;
				CLANG_WARN_ENUM_CONVERSION = YES;
				CLANG_WARN_INFINITE_RECURSION = YES;
				CLANG_WARN_INT_CONVERSION = YES;
				CLANG_WARN_NON_LITERAL_NULL_CONVERSION = YES;
				CLANG_WARN_OBJC_IMPLICIT_RETAIN_SELF = YES;
				CLANG_WARN_OBJC_LITERAL_CONVERSION = YES;
				CLANG_WARN_OBJC_ROOT_CLASS = YES_ERROR;
				CLANG_WARN_QUOTED_INCLUDE_IN_FRAMEWORK_HEADER = YES;
				CLANG_WARN_RANGE_LOOP_ANALYSIS = YES;
				CLANG_WARN_STRICT_PROTOTYPES = YES;
				CLANG_WARN_SUSPICIOUS_MOVE = YES;
				CLANG_WARN_UNGUARDED_AVAILABILITY = YES_AGGRESSIVE;
				CLANG_WARN_UNREACHABLE_CODE = YES;
				CLANG_WARN__DUPLICATE_METHOD_MATCH = YES;
				COPY_PHASE_STRIP = NO;
				DEBUG_INFORMATION_FORMAT = "dwarf-with-dsym";
				ENABLE_NS_ASSERTIONS = NO;
				ENABLE_STRICT_OBJC_MSGSEND = YES;
				GCC_C_LANGUAGE_STANDARD = gnu11;
				GCC_NO_COMMON_BLOCKS = YES;
				GCC_WARN_64_TO_32_BIT_CONVERSION = YES;
				GCC_WARN_ABOUT_RETURN_TYPE = YES_ERROR;
				GCC_WARN_UNDECLARED_SELECTOR = YES;
				GCC_WARN_UNINITIALIZED_AUTOS = YES_AGGRESSIVE;
				GCC_WARN_UNUSED_FUNCTION = YES;
				GCC_WARN_UNUSED_VARIABLE = YES;
				IPHONEOS_DEPLOYMENT_TARGET = 16.4;
				MTL_ENABLE_DEBUG_INFO = NO;
				MTL_FAST_MATH = YES;
				SDKROOT = iphoneos;
				SWIFT_COMPILATION_MODE = wholemodule;
				SWIFT_OPTIMIZATION_LEVEL = "-O";
				VALIDATE_PRODUCT = YES;
			};
			name = Release;
		};
		2534FDF82A7E4CAC0064239F /* Debug */ = {
			isa = XCBuildConfiguration;
			buildSettings = {
				ASSETCATALOG_COMPILER_APPICON_NAME = AppIcon;
				ASSETCATALOG_COMPILER_GLOBAL_ACCENT_COLOR_NAME = AccentColor;
				CODE_SIGN_STYLE = Automatic;
				CURRENT_PROJECT_VERSION = 1;
				GENERATE_INFOPLIST_FILE = YES;
				INFOPLIST_FILE = FoodPin/Info.plist;
				INFOPLIST_KEY_UIApplicationSupportsIndirectInputEvents = YES;
				INFOPLIST_KEY_UILaunchStoryboardName = LaunchScreen;
				INFOPLIST_KEY_UIMainStoryboardFile = Main;
				INFOPLIST_KEY_UIRequiredDeviceCapabilities = armv7;
				INFOPLIST_KEY_UIRequiresFullScreen = NO;
				INFOPLIST_KEY_UIStatusBarStyle = UIStatusBarStyleLightContent;
				INFOPLIST_KEY_UISupportedInterfaceOrientations_iPad = "UIInterfaceOrientationPortrait UIInterfaceOrientationPortraitUpsideDown UIInterfaceOrientationLandscapeLeft UIInterfaceOrientationLandscapeRight";
				INFOPLIST_KEY_UISupportedInterfaceOrientations_iPhone = "UIInterfaceOrientationPortrait UIInterfaceOrientationLandscapeLeft UIInterfaceOrientationLandscapeRight";
				LD_RUNPATH_SEARCH_PATHS = (
					"$(inherited)",
					"@executable_path/Frameworks",
				);
				MARKETING_VERSION = 1.0;
				PRODUCT_BUNDLE_IDENTIFIER = com.venky.FoodPin;
				PRODUCT_NAME = "$(TARGET_NAME)";
				SWIFT_EMIT_LOC_STRINGS = YES;
				SWIFT_VERSION = 5.0;
				TARGETED_DEVICE_FAMILY = "1,2";
			};
			name = Debug;
		};
		2534FDF92A7E4CAC0064239F /* Release */ = {
			isa = XCBuildConfiguration;
			buildSettings = {
				ASSETCATALOG_COMPILER_APPICON_NAME = AppIcon;
				ASSETCATALOG_COMPILER_GLOBAL_ACCENT_COLOR_NAME = AccentColor;
				CODE_SIGN_STYLE = Automatic;
				CURRENT_PROJECT_VERSION = 1;
				GENERATE_INFOPLIST_FILE = YES;
				INFOPLIST_FILE = FoodPin/Info.plist;
				INFOPLIST_KEY_UIApplicationSupportsIndirectInputEvents = YES;
				INFOPLIST_KEY_UILaunchStoryboardName = LaunchScreen;
				INFOPLIST_KEY_UIMainStoryboardFile = Main;
				INFOPLIST_KEY_UIRequiredDeviceCapabilities = armv7;
				INFOPLIST_KEY_UIRequiresFullScreen = NO;
				INFOPLIST_KEY_UIStatusBarStyle = UIStatusBarStyleLightContent;
				INFOPLIST_KEY_UISupportedInterfaceOrientations_iPad = "UIInterfaceOrientationPortrait UIInterfaceOrientationPortraitUpsideDown UIInterfaceOrientationLandscapeLeft UIInterfaceOrientationLandscapeRight";
				INFOPLIST_KEY_UISupportedInterfaceOrientations_iPhone = "UIInterfaceOrientationPortrait UIInterfaceOrientationLandscapeLeft UIInterfaceOrientationLandscapeRight";
				LD_RUNPATH_SEARCH_PATHS = (
					"$(inherited)",
					"@executable_path/Frameworks",
				);
				MARKETING_VERSION = 1.0;
				PRODUCT_BUNDLE_IDENTIFIER = com.venky.FoodPin;
				PRODUCT_NAME = "$(TARGET_NAME)";
				SWIFT_EMIT_LOC_STRINGS = YES;
				SWIFT_VERSION = 5.0;
				TARGETED_DEVICE_FAMILY = "1,2";
			};
			name = Release;
		};
/* End XCBuildConfiguration section */

/* Begin XCConfigurationList section */
		2534FDDE2A7E4CAB0064239F /* Build configuration list for PBXProject "FoodPin" */ = {
			isa = XCConfigurationList;
			buildConfigurations = (
				2534FDF52A7E4CAC0064239F /* Debug */,
				2534FDF62A7E4CAC0064239F /* Release */,
			);
			defaultConfigurationIsVisible = 0;
			defaultConfigurationName = Release;
		};
		2534FDF72A7E4CAC0064239F /* Build configuration list for PBXNativeTarget "FoodPin" */ = {
			isa = XCConfigurationList;
			buildConfigurations = (
				2534FDF82A7E4CAC0064239F /* Debug */,
				2534FDF92A7E4CAC0064239F /* Release */,
			);
			defaultConfigurationIsVisible = 0;
			defaultConfigurationName = Release;
		};
/* End XCConfigurationList section */
	};
	rootObject = 2534FDDB2A7E4CAB0064239F /* Project object */;
}
